// !$*UTF8*$!
{
	archiveVersion = 1;
	classes = {
	};
	objectVersion = 46;
	objects = {

/* Begin PBXBuildFile section */
		8854CA191CFF3D230008A4B9 /* AppDelegate.swift in Sources */ = {isa = PBXBuildFile; fileRef = 8854CA181CFF3D230008A4B9 /* AppDelegate.swift */; };
		8854CA1B1CFF3D230008A4B9 /* ViewController.swift in Sources */ = {isa = PBXBuildFile; fileRef = 8854CA1A1CFF3D230008A4B9 /* ViewController.swift */; };
		8854CA1E1CFF3D230008A4B9 /* Main.storyboard in Resources */ = {isa = PBXBuildFile; fileRef = 8854CA1C1CFF3D230008A4B9 /* Main.storyboard */; };
		8854CA201CFF3D230008A4B9 /* Assets.xcassets in Resources */ = {isa = PBXBuildFile; fileRef = 8854CA1F1CFF3D230008A4B9 /* Assets.xcassets */; };
		8854CA231CFF3D230008A4B9 /* LaunchScreen.storyboard in Resources */ = {isa = PBXBuildFile; fileRef = 8854CA211CFF3D230008A4B9 /* LaunchScreen.storyboard */; };
		8854CA2E1CFF3D230008A4B9 /* AB_MailboxTests.swift in Sources */ = {isa = PBXBuildFile; fileRef = 8854CA2D1CFF3D230008A4B9 /* AB_MailboxTests.swift */; };
		8854CA391CFF3D230008A4B9 /* AB_MailboxUITests.swift in Sources */ = {isa = PBXBuildFile; fileRef = 8854CA381CFF3D230008A4B9 /* AB_MailboxUITests.swift */; };
/* End PBXBuildFile section */

/* Begin PBXContainerItemProxy section */
		8854CA2A1CFF3D230008A4B9 /* PBXContainerItemProxy */ = {
			isa = PBXContainerItemProxy;
			containerPortal = 8854CA0D1CFF3D210008A4B9 /* Project object */;
			proxyType = 1;
			remoteGlobalIDString = 8854CA141CFF3D210008A4B9;
			remoteInfo = "AB Mailbox";
		};
		8854CA351CFF3D230008A4B9 /* PBXContainerItemProxy */ = {
			isa = PBXContainerItemProxy;
			containerPortal = 8854CA0D1CFF3D210008A4B9 /* Project object */;
			proxyType = 1;
			remoteGlobalIDString = 8854CA141CFF3D210008A4B9;
			remoteInfo = "AB Mailbox";
		};
/* End PBXContainerItemProxy section */

/* Begin PBXFileReference section */
		8854CA151CFF3D230008A4B9 /* AB Mailbox.app */ = {isa = PBXFileReference; explicitFileType = wrapper.application; includeInIndex = 0; path = "AB Mailbox.app"; sourceTree = BUILT_PRODUCTS_DIR; };
		8854CA181CFF3D230008A4B9 /* AppDelegate.swift */ = {isa = PBXFileReference; lastKnownFileType = sourcecode.swift; path = AppDelegate.swift; sourceTree = "<group>"; };
		8854CA1A1CFF3D230008A4B9 /* ViewController.swift */ = {isa = PBXFileReference; lastKnownFileType = sourcecode.swift; path = ViewController.swift; sourceTree = "<group>"; };
		8854CA1D1CFF3D230008A4B9 /* Base */ = {isa = PBXFileReference; lastKnownFileType = file.storyboard; name = Base; path = Base.lproj/Main.storyboard; sourceTree = "<group>"; };
		8854CA1F1CFF3D230008A4B9 /* Assets.xcassets */ = {isa = PBXFileReference; lastKnownFileType = folder.assetcatalog; path = Assets.xcassets; sourceTree = "<group>"; };
		8854CA221CFF3D230008A4B9 /* Base */ = {isa = PBXFileReference; lastKnownFileType = file.storyboard; name = Base; path = Base.lproj/LaunchScreen.storyboard; sourceTree = "<group>"; };
		8854CA241CFF3D230008A4B9 /* Info.plist */ = {isa = PBXFileReference; lastKnownFileType = text.plist.xml; path = Info.plist; sourceTree = "<group>"; };
		8854CA291CFF3D230008A4B9 /* AB MailboxTests.xctest */ = {isa = PBXFileReference; explicitFileType = wrapper.cfbundle; includeInIndex = 0; path = "AB MailboxTests.xctest"; sourceTree = BUILT_PRODUCTS_DIR; };
		8854CA2D1CFF3D230008A4B9 /* AB_MailboxTests.swift */ = {isa = PBXFileReference; lastKnownFileType = sourcecode.swift; path = AB_MailboxTests.swift; sourceTree = "<group>"; };
		8854CA2F1CFF3D230008A4B9 /* Info.plist */ = {isa = PBXFileReference; lastKnownFileType = text.plist.xml; path = Info.plist; sourceTree = "<group>"; };
		8854CA341CFF3D230008A4B9 /* AB MailboxUITests.xctest */ = {isa = PBXFileReference; explicitFileType = wrapper.cfbundle; includeInIndex = 0; path = "AB MailboxUITests.xctest"; sourceTree = BUILT_PRODUCTS_DIR; };
		8854CA381CFF3D230008A4B9 /* AB_MailboxUITests.swift */ = {isa = PBXFileReference; lastKnownFileType = sourcecode.swift; path = AB_MailboxUITests.swift; sourceTree = "<group>"; };
		8854CA3A1CFF3D230008A4B9 /* Info.plist */ = {isa = PBXFileReference; lastKnownFileType = text.plist.xml; path = Info.plist; sourceTree = "<group>"; };
/* End PBXFileReference section */

/* Begin PBXFrameworksBuildPhase section */
		8854CA121CFF3D210008A4B9 /* Frameworks */ = {
			isa = PBXFrameworksBuildPhase;
			buildActionMask = 2147483647;
			files = (
			);
			runOnlyForDeploymentPostprocessing = 0;
		};
		8854CA261CFF3D230008A4B9 /* Frameworks */ = {
			isa = PBXFrameworksBuildPhase;
			buildActionMask = 2147483647;
			files = (
			);
			runOnlyForDeploymentPostprocessing = 0;
		};
		8854CA311CFF3D230008A4B9 /* Frameworks */ = {
			isa = PBXFrameworksBuildPhase;
			buildActionMask = 2147483647;
			files = (
			);
			runOnlyForDeploymentPostprocessing = 0;
		};
/* End PBXFrameworksBuildPhase section */

/* Begin PBXGroup section */
		8854CA0C1CFF3D210008A4B9 = {
			isa = PBXGroup;
			children = (
				8854CA171CFF3D230008A4B9 /* AB Mailbox */,
				8854CA2C1CFF3D230008A4B9 /* AB MailboxTests */,
				8854CA371CFF3D230008A4B9 /* AB MailboxUITests */,
				8854CA161CFF3D230008A4B9 /* Products */,
			);
			sourceTree = "<group>";
		};
		8854CA161CFF3D230008A4B9 /* Products */ = {
			isa = PBXGroup;
			children = (
				8854CA151CFF3D230008A4B9 /* AB Mailbox.app */,
				8854CA291CFF3D230008A4B9 /* AB MailboxTests.xctest */,
				8854CA341CFF3D230008A4B9 /* AB MailboxUITests.xctest */,
			);
			name = Products;
			sourceTree = "<group>";
		};
		8854CA171CFF3D230008A4B9 /* AB Mailbox */ = {
			isa = PBXGroup;
			children = (
				8854CA181CFF3D230008A4B9 /* AppDelegate.swift */,
				8854CA1A1CFF3D230008A4B9 /* ViewController.swift */,
				8854CA1C1CFF3D230008A4B9 /* Main.storyboard */,
				8854CA1F1CFF3D230008A4B9 /* Assets.xcassets */,
				8854CA211CFF3D230008A4B9 /* LaunchScreen.storyboard */,
				8854CA241CFF3D230008A4B9 /* Info.plist */,
			);
			path = "AB Mailbox";
			sourceTree = "<group>";
		};
		8854CA2C1CFF3D230008A4B9 /* AB MailboxTests */ = {
			isa = PBXGroup;
			children = (
				8854CA2D1CFF3D230008A4B9 /* AB_MailboxTests.swift */,
				8854CA2F1CFF3D230008A4B9 /* Info.plist */,
			);
			path = "AB MailboxTests";
			sourceTree = "<group>";
		};
		8854CA371CFF3D230008A4B9 /* AB MailboxUITests */ = {
			isa = PBXGroup;
			children = (
				8854CA381CFF3D230008A4B9 /* AB_MailboxUITests.swift */,
				8854CA3A1CFF3D230008A4B9 /* Info.plist */,
			);
			path = "AB MailboxUITests";
			sourceTree = "<group>";
		};
/* End PBXGroup section */

/* Begin PBXNativeTarget section */
		8854CA141CFF3D210008A4B9 /* AB Mailbox */ = {
			isa = PBXNativeTarget;
			buildConfigurationList = 8854CA3D1CFF3D230008A4B9 /* Build configuration list for PBXNativeTarget "AB Mailbox" */;
			buildPhases = (
				8854CA111CFF3D210008A4B9 /* Sources */,
				8854CA121CFF3D210008A4B9 /* Frameworks */,
				8854CA131CFF3D210008A4B9 /* Resources */,
			);
			buildRules = (
			);
			dependencies = (
			);
			name = "AB Mailbox";
			productName = "AB Mailbox";
			productReference = 8854CA151CFF3D230008A4B9 /* AB Mailbox.app */;
			productType = "com.apple.product-type.application";
		};
		8854CA281CFF3D230008A4B9 /* AB MailboxTests */ = {
			isa = PBXNativeTarget;
			buildConfigurationList = 8854CA401CFF3D230008A4B9 /* Build configuration list for PBXNativeTarget "AB MailboxTests" */;
			buildPhases = (
				8854CA251CFF3D230008A4B9 /* Sources */,
				8854CA261CFF3D230008A4B9 /* Frameworks */,
				8854CA271CFF3D230008A4B9 /* Resources */,
			);
			buildRules = (
			);
			dependencies = (
				8854CA2B1CFF3D230008A4B9 /* PBXTargetDependency */,
			);
			name = "AB MailboxTests";
			productName = "AB MailboxTests";
			productReference = 8854CA291CFF3D230008A4B9 /* AB MailboxTests.xctest */;
			productType = "com.apple.product-type.bundle.unit-test";
		};
		8854CA331CFF3D230008A4B9 /* AB MailboxUITests */ = {
			isa = PBXNativeTarget;
			buildConfigurationList = 8854CA431CFF3D230008A4B9 /* Build configuration list for PBXNativeTarget "AB MailboxUITests" */;
			buildPhases = (
				8854CA301CFF3D230008A4B9 /* Sources */,
				8854CA311CFF3D230008A4B9 /* Frameworks */,
				8854CA321CFF3D230008A4B9 /* Resources */,
			);
			buildRules = (
			);
			dependencies = (
				8854CA361CFF3D230008A4B9 /* PBXTargetDependency */,
			);
			name = "AB MailboxUITests";
			productName = "AB MailboxUITests";
			productReference = 8854CA341CFF3D230008A4B9 /* AB MailboxUITests.xctest */;
			productType = "com.apple.product-type.bundle.ui-testing";
		};
/* End PBXNativeTarget section */

/* Begin PBXProject section */
		8854CA0D1CFF3D210008A4B9 /* Project object */ = {
			isa = PBXProject;
			attributes = {
				LastSwiftUpdateCheck = 0720;
				LastUpgradeCheck = 0720;
				ORGANIZATIONNAME = "Anthony Bojorquez";
				TargetAttributes = {
					8854CA141CFF3D210008A4B9 = {
						CreatedOnToolsVersion = 7.2.1;
					};
					8854CA281CFF3D230008A4B9 = {
						CreatedOnToolsVersion = 7.2.1;
						TestTargetID = 8854CA141CFF3D210008A4B9;
					};
					8854CA331CFF3D230008A4B9 = {
						CreatedOnToolsVersion = 7.2.1;
						TestTargetID = 8854CA141CFF3D210008A4B9;
					};
				};
			};
			buildConfigurationList = 8854CA101CFF3D210008A4B9 /* Build configuration list for PBXProject "AB Mailbox" */;
			compatibilityVersion = "Xcode 3.2";
			developmentRegion = English;
			hasScannedForEncodings = 0;
			knownRegions = (
				en,
				Base,
			);
			mainGroup = 8854CA0C1CFF3D210008A4B9;
			productRefGroup = 8854CA161CFF3D230008A4B9 /* Products */;
			projectDirPath = "";
			projectRoot = "";
			targets = (
				8854CA141CFF3D210008A4B9 /* AB Mailbox */,
				8854CA281CFF3D230008A4B9 /* AB MailboxTests */,
				8854CA331CFF3D230008A4B9 /* AB MailboxUITests */,
			);
		};
/* End PBXProject section */

/* Begin PBXResourcesBuildPhase section */
		8854CA131CFF3D210008A4B9 /* Resources */ = {
			isa = PBXResourcesBuildPhase;
			buildActionMask = 2147483647;
			files = (
				8854CA231CFF3D230008A4B9 /* LaunchScreen.storyboard in Resources */,
				8854CA201CFF3D230008A4B9 /* Assets.xcassets in Resources */,
				8854CA1E1CFF3D230008A4B9 /* Main.storyboard in Resources */,
			);
			runOnlyForDeploymentPostprocessing = 0;
		};
		8854CA271CFF3D230008A4B9 /* Resources */ = {
			isa = PBXResourcesBuildPhase;
			buildActionMask = 2147483647;
			files = (
			);
			runOnlyForDeploymentPostprocessing = 0;
		};
		8854CA321CFF3D230008A4B9 /* Resources */ = {
			isa = PBXResourcesBuildPhase;
			buildActionMask = 2147483647;
			files = (
			);
			runOnlyForDeploymentPostprocessing = 0;
		};
/* End PBXResourcesBuildPhase section */

/* Begin PBXSourcesBuildPhase section */
		8854CA111CFF3D210008A4B9 /* Sources */ = {
			isa = PBXSourcesBuildPhase;
			buildActionMask = 2147483647;
			files = (
				8854CA1B1CFF3D230008A4B9 /* ViewController.swift in Sources */,
				8854CA191CFF3D230008A4B9 /* AppDelegate.swift in Sources */,
			);
			runOnlyForDeploymentPostprocessing = 0;
		};
		8854CA251CFF3D230008A4B9 /* Sources */ = {
			isa = PBXSourcesBuildPhase;
			buildActionMask = 2147483647;
			files = (
				8854CA2E1CFF3D230008A4B9 /* AB_MailboxTests.swift in Sources */,
			);
			runOnlyForDeploymentPostprocessing = 0;
		};
		8854CA301CFF3D230008A4B9 /* Sources */ = {
			isa = PBXSourcesBuildPhase;
			buildActionMask = 2147483647;
			files = (
				8854CA391CFF3D230008A4B9 /* AB_MailboxUITests.swift in Sources */,
			);
			runOnlyForDeploymentPostprocessing = 0;
		};
/* End PBXSourcesBuildPhase section */

/* Begin PBXTargetDependency section */
		8854CA2B1CFF3D230008A4B9 /* PBXTargetDependency */ = {
			isa = PBXTargetDependency;
			target = 8854CA141CFF3D210008A4B9 /* AB Mailbox */;
			targetProxy = 8854CA2A1CFF3D230008A4B9 /* PBXContainerItemProxy */;
		};
		8854CA361CFF3D230008A4B9 /* PBXTargetDependency */ = {
			isa = PBXTargetDependency;
			target = 8854CA141CFF3D210008A4B9 /* AB Mailbox */;
			targetProxy = 8854CA351CFF3D230008A4B9 /* PBXContainerItemProxy */;
		};
/* End PBXTargetDependency section */

/* Begin PBXVariantGroup section */
		8854CA1C1CFF3D230008A4B9 /* Main.storyboard */ = {
			isa = PBXVariantGroup;
			children = (
				8854CA1D1CFF3D230008A4B9 /* Base */,
			);
			name = Main.storyboard;
			sourceTree = "<group>";
		};
		8854CA211CFF3D230008A4B9 /* LaunchScreen.storyboard */ = {
			isa = PBXVariantGroup;
			children = (
				8854CA221CFF3D230008A4B9 /* Base */,
			);
			name = LaunchScreen.storyboard;
			sourceTree = "<group>";
		};
/* End PBXVariantGroup section */

/* Begin XCBuildConfiguration section */
		8854CA3B1CFF3D230008A4B9 /* Debug */ = {
			isa = XCBuildConfiguration;
			buildSettings = {
				ALWAYS_SEARCH_USER_PATHS = NO;
				CLANG_CXX_LANGUAGE_STANDARD = "gnu++0x";
				CLANG_CXX_LIBRARY = "libc++";
				CLANG_ENABLE_MODULES = YES;
				CLANG_ENABLE_OBJC_ARC = YES;
				CLANG_WARN_BOOL_CONVERSION = YES;
				CLANG_WARN_CONSTANT_CONVERSION = YES;
				CLANG_WARN_DIRECT_OBJC_ISA_USAGE = YES_ERROR;
				CLANG_WARN_EMPTY_BODY = YES;
				CLANG_WARN_ENUM_CONVERSION = YES;
				CLANG_WARN_INT_CONVERSION = YES;
				CLANG_WARN_OBJC_ROOT_CLASS = YES_ERROR;
				CLANG_WARN_UNREACHABLE_CODE = YES;
				CLANG_WARN__DUPLICATE_METHOD_MATCH = YES;
				"CODE_SIGN_IDENTITY[sdk=iphoneos*]" = "iPhone Developer";
				COPY_PHASE_STRIP = NO;
				DEBUG_INFORMATION_FORMAT = dwarf;
				ENABLE_STRICT_OBJC_MSGSEND = YES;
				ENABLE_TESTABILITY = YES;
				GCC_C_LANGUAGE_STANDARD = gnu99;
				GCC_DYNAMIC_NO_PIC = NO;
				GCC_NO_COMMON_BLOCKS = YES;
				GCC_OPTIMIZATION_LEVEL = 0;
				GCC_PREPROCESSOR_DEFINITIONS = (
					"DEBUG=1",
					"$(inherited)",
				);
				GCC_WARN_64_TO_32_BIT_CONVERSION = YES;
				GCC_WARN_ABOUT_RETURN_TYPE = YES_ERROR;
				GCC_WARN_UNDECLARED_SELECTOR = YES;
				GCC_WARN_UNINITIALIZED_AUTOS = YES_AGGRESSIVE;
				GCC_WARN_UNUSED_FUNCTION = YES;
				GCC_WARN_UNUSED_VARIABLE = YES;
				IPHONEOS_DEPLOYMENT_TARGET = 9.2;
				MTL_ENABLE_DEBUG_INFO = YES;
				ONLY_ACTIVE_ARCH = YES;
				SDKROOT = iphoneos;
				SWIFT_OPTIMIZATION_LEVEL = "-Onone";
				TARGETED_DEVICE_FAMILY = "1,2";
			};
			name = Debug;
		};
		8854CA3C1CFF3D230008A4B9 /* Release */ = {
			isa = XCBuildConfiguration;
			buildSettings = {
				ALWAYS_SEARCH_USER_PATHS = NO;
				CLANG_CXX_LANGUAGE_STANDARD = "gnu++0x";
				CLANG_CXX_LIBRARY = "libc++";
				CLANG_ENABLE_MODULES = YES;
				CLANG_ENABLE_OBJC_ARC = YES;
				CLANG_WARN_BOOL_CONVERSION = YES;
				CLANG_WARN_CONSTANT_CONVERSION = YES;
				CLANG_WARN_DIRECT_OBJC_ISA_USAGE = YES_ERROR;
				CLANG_WARN_EMPTY_BODY = YES;
				CLANG_WARN_ENUM_CONVERSION = YES;
				CLANG_WARN_INT_CONVERSION = YES;
				CLANG_WARN_OBJC_ROOT_CLASS = YES_ERROR;
				CLANG_WARN_UNREACHABLE_CODE = YES;
				CLANG_WARN__DUPLICATE_METHOD_MATCH = YES;
				"CODE_SIGN_IDENTITY[sdk=iphoneos*]" = "iPhone Developer";
				COPY_PHASE_STRIP = NO;
				DEBUG_INFORMATION_FORMAT = "dwarf-with-dsym";
				ENABLE_NS_ASSERTIONS = NO;
				ENABLE_STRICT_OBJC_MSGSEND = YES;
				GCC_C_LANGUAGE_STANDARD = gnu99;
				GCC_NO_COMMON_BLOCKS = YES;
				GCC_WARN_64_TO_32_BIT_CONVERSION = YES;
				GCC_WARN_ABOUT_RETURN_TYPE = YES_ERROR;
				GCC_WARN_UNDECLARED_SELECTOR = YES;
				GCC_WARN_UNINITIALIZED_AUTOS = YES_AGGRESSIVE;
				GCC_WARN_UNUSED_FUNCTION = YES;
				GCC_WARN_UNUSED_VARIABLE = YES;
				IPHONEOS_DEPLOYMENT_TARGET = 9.2;
				MTL_ENABLE_DEBUG_INFO = NO;
				SDKROOT = iphoneos;
				TARGETED_DEVICE_FAMILY = "1,2";
				VALIDATE_PRODUCT = YES;
			};
			name = Release;
		};
		8854CA3E1CFF3D230008A4B9 /* Debug */ = {
			isa = XCBuildConfiguration;
			buildSettings = {
				ASSETCATALOG_COMPILER_APPICON_NAME = AppIcon;
				INFOPLIST_FILE = "AB Mailbox/Info.plist";
				LD_RUNPATH_SEARCH_PATHS = "$(inherited) @executable_path/Frameworks";
				PRODUCT_BUNDLE_IDENTIFIER = "Walmart.AB-Mailbox";
				PRODUCT_NAME = "$(TARGET_NAME)";
			};
			name = Debug;
		};
		8854CA3F1CFF3D230008A4B9 /* Release */ = {
			isa = XCBuildConfiguration;
			buildSettings = {
				ASSETCATALOG_COMPILER_APPICON_NAME = AppIcon;
				INFOPLIST_FILE = "AB Mailbox/Info.plist";
				LD_RUNPATH_SEARCH_PATHS = "$(inherited) @executable_path/Frameworks";
				PRODUCT_BUNDLE_IDENTIFIER = "Walmart.AB-Mailbox";
				PRODUCT_NAME = "$(TARGET_NAME)";
			};
			name = Release;
		};
		8854CA411CFF3D230008A4B9 /* Debug */ = {
			isa = XCBuildConfiguration;
			buildSettings = {
				BUNDLE_LOADER = "$(TEST_HOST)";
				INFOPLIST_FILE = "AB MailboxTests/Info.plist";
				LD_RUNPATH_SEARCH_PATHS = "$(inherited) @executable_path/Frameworks @loader_path/Frameworks";
				PRODUCT_BUNDLE_IDENTIFIER = "Walmart.AB-MailboxTests";
				PRODUCT_NAME = "$(TARGET_NAME)";
				TEST_HOST = "$(BUILT_PRODUCTS_DIR)/AB Mailbox.app/AB Mailbox";
			};
			name = Debug;
		};
		8854CA421CFF3D230008A4B9 /* Release */ = {
			isa = XCBuildConfiguration;
			buildSettings = {
				BUNDLE_LOADER = "$(TEST_HOST)";
				INFOPLIST_FILE = "AB MailboxTests/Info.plist";
				LD_RUNPATH_SEARCH_PATHS = "$(inherited) @executable_path/Frameworks @loader_path/Frameworks";
				PRODUCT_BUNDLE_IDENTIFIER = "Walmart.AB-MailboxTests";
				PRODUCT_NAME = "$(TARGET_NAME)";
				TEST_HOST = "$(BUILT_PRODUCTS_DIR)/AB Mailbox.app/AB Mailbox";
			};
			name = Release;
		};
		8854CA441CFF3D230008A4B9 /* Debug */ = {
			isa = XCBuildConfiguration;
			buildSettings = {
				INFOPLIST_FILE = "AB MailboxUITests/Info.plist";
				LD_RUNPATH_SEARCH_PATHS = "$(inherited) @executable_path/Frameworks @loader_path/Frameworks";
				PRODUCT_BUNDLE_IDENTIFIER = "Walmart.AB-MailboxUITests";
				PRODUCT_NAME = "$(TARGET_NAME)";
				TEST_TARGET_NAME = "AB Mailbox";
				USES_XCTRUNNER = YES;
			};
			name = Debug;
		};
		8854CA451CFF3D230008A4B9 /* Release */ = {
			isa = XCBuildConfiguration;
			buildSettings = {
				INFOPLIST_FILE = "AB MailboxUITests/Info.plist";
				LD_RUNPATH_SEARCH_PATHS = "$(inherited) @executable_path/Frameworks @loader_path/Frameworks";
				PRODUCT_BUNDLE_IDENTIFIER = "Walmart.AB-MailboxUITests";
				PRODUCT_NAME = "$(TARGET_NAME)";
				TEST_TARGET_NAME = "AB Mailbox";
				USES_XCTRUNNER = YES;
			};
			name = Release;
		};
/* End XCBuildConfiguration section */

/* Begin XCConfigurationList section */
		8854CA101CFF3D210008A4B9 /* Build configuration list for PBXProject "AB Mailbox" */ = {
			isa = XCConfigurationList;
			buildConfigurations = (
				8854CA3B1CFF3D230008A4B9 /* Debug */,
				8854CA3C1CFF3D230008A4B9 /* Release */,
			);
			defaultConfigurationIsVisible = 0;
			defaultConfigurationName = Release;
		};
		8854CA3D1CFF3D230008A4B9 /* Build configuration list for PBXNativeTarget "AB Mailbox" */ = {
			isa = XCConfigurationList;
			buildConfigurations = (
				8854CA3E1CFF3D230008A4B9 /* Debug */,
				8854CA3F1CFF3D230008A4B9 /* Release */,
			);
			defaultConfigurationIsVisible = 0;
		};
		8854CA401CFF3D230008A4B9 /* Build configuration list for PBXNativeTarget "AB MailboxTests" */ = {
			isa = XCConfigurationList;
			buildConfigurations = (
				8854CA411CFF3D230008A4B9 /* Debug */,
				8854CA421CFF3D230008A4B9 /* Release */,
			);
			defaultConfigurationIsVisible = 0;
		};
		8854CA431CFF3D230008A4B9 /* Build configuration list for PBXNativeTarget "AB MailboxUITests" */ = {
			isa = XCConfigurationList;
			buildConfigurations = (
				8854CA441CFF3D230008A4B9 /* Debug */,
				8854CA451CFF3D230008A4B9 /* Release */,
			);
			defaultConfigurationIsVisible = 0;
		};
/* End XCConfigurationList section */
	};
	rootObject = 8854CA0D1CFF3D210008A4B9 /* Project object */;
}
